{
    "hash": "147e59cf99d0cf206cfa80a77b073a3a",
    "packages": [
        {
            "name": "eloquent/equality",
            "version": "2.1.1",
            "source": {
                "type": "git",
                "url": "https://github.com/eloquent/equality.git",
                "reference": "2.1.1"
            },
            "dist": {
                "type": "zip",
                "url": "https://api.github.com/repos/eloquent/equality/zipball/2.1.1",
                "reference": "2.1.1",
                "shasum": ""
            },
            "require": {
                "php": ">=5.3.0"
            },
            "require-dev": {
                "icecave/archer": ">=0.2,<1.0"
            },
            "type": "library",
            "autoload": {
                "psr-0": {
                    "Eloquent\\Equality": "src"
                }
            },
            "notification-url": "https://packagist.org/downloads/",
            "license": [
                "MIT"
            ],
            "authors": [
                {
                    "name": "Erin Millard",
                    "email": "ezzatron@gmail.com",
                    "homepage": "http://ezzatron.com/"
                }
            ],
            "description": "A better strict comparison for PHP.",
            "homepage": "https://github.com/eloquent/equality",
            "keywords": [
                "comparison",
                "deep",
                "equality",
                "object",
                "strict"
            ],
            "time": "2013-03-04 09:38:33"
        },
        {
            "name": "zendframework/zendframework",
            "version": "2.1.3",
            "source": {
                "type": "git",
                "url": "git://github.com/zendframework/zf2.git",
                "reference": "release-2.1.3"
            },
            "dist": {
                "type": "zip",
                "url": "http://packages.zendframework.com/releases/ZendFramework-2.1.3/ZendFramework-2.1.3.zip",
                "reference": "release-2.1.3",
                "shasum": "506246b4bfa78db0d19852b26f0d4e383f10603f"
            },
            "require": {
                "php": ">=5.3.3"
            },
            "replace": {
                "zendframework/zend-acl": "self.version",
                "zendframework/zend-authentication": "self.version",
                "zendframework/zend-barcode": "self.version",
                "zendframework/zend-cache": "self.version",
                "zendframework/zend-captcha": "self.version",
                "zendframework/zend-code": "self.version",
                "zendframework/zend-config": "self.version",
                "zendframework/zend-console": "self.version",
                "zendframework/zend-crypt": "self.version",
                "zendframework/zend-db": "self.version",
                "zendframework/zend-di": "self.version",
                "zendframework/zend-dom": "self.version",
                "zendframework/zend-escaper": "self.version",
                "zendframework/zend-eventmanager": "self.version",
                "zendframework/zend-feed": "self.version",
                "zendframework/zend-file": "self.version",
                "zendframework/zend-filter": "self.version",
                "zendframework/zend-form": "self.version",
                "zendframework/zend-http": "self.version",
                "zendframework/zend-i18n": "self.version",
                "zendframework/zend-inputfilter": "self.version",
                "zendframework/zend-json": "self.version",
                "zendframework/zend-ldap": "self.version",
                "zendframework/zend-loader": "self.version",
                "zendframework/zend-log": "self.version",
                "zendframework/zend-mail": "self.version",
                "zendframework/zend-markup": "self.version",
                "zendframework/zend-math": "self.version",
                "zendframework/zend-memory": "self.version",
                "zendframework/zend-mime": "self.version",
                "zendframework/zend-modulemanager": "self.version",
                "zendframework/zend-mvc": "self.version",
                "zendframework/zend-navigation": "self.version",
                "zendframework/zend-paginator": "self.version",
                "zendframework/zend-progressbar": "self.version",
                "zendframework/zend-serializer": "self.version",
                "zendframework/zend-server": "self.version",
                "zendframework/zend-servicemanager": "self.version",
                "zendframework/zend-session": "self.version",
                "zendframework/zend-soap": "self.version",
                "zendframework/zend-stdlib": "self.version",
                "zendframework/zend-tag": "self.version",
                "zendframework/zend-text": "self.version",
                "zendframework/zend-uri": "self.version",
                "zendframework/zend-validator": "self.version",
                "zendframework/zend-view": "self.version",
                "zendframework/zend-xmlrpc": "self.version"
            },
            "require-dev": {
                "doctrine/common": ">=2.1"
            },
            "suggest": {
                "doctrine/common": "Doctrine\\Common >=2.1 for annotation features",
                "ext-intl": "ext/intl for i18n features",
                "pecl-weakref": "Implementation of weak references for Zend\\Stdlib\\CallbackHandler",
                "zendframework/zendpdf": "ZendPdf for creating PDF representations of barcodes",
                "zendframework/zendservice-recaptcha": "ZendService\\ReCaptcha for rendering ReCaptchas in Zend\\Captcha and/or Zend\\Form"
            },
            "type": "library",
            "autoload": {
                "psr-0": {
                    "Zend\\": "library/",
                    "ZendTest\\": "tests/"
                }
            },
            "license": [
                "BSD-3-Clause"
            ],
            "description": "Zend Framework 2",
            "keywords": [
                "framework",
                "zf2"
            ],
            "support": {
                "email": "fw-general-subscribe@lists.zend.com",
                "irc": "irc://irc.freenode.net/zftalk",
                "issues": "https://github.com/zendframework/zf2/issues",
                "source": "https://github.com/zendframework/zf2"
            }
        }
    ],
    "packages-dev": [
        {
            "name": "icecave/archer",
            "version": "0.2.1",
            "source": {
                "type": "git",
                "url": "https://github.com/IcecaveStudios/archer.git",
                "reference": "0.2.1"
            },
            "dist": {
                "type": "zip",
                "url": "https://api.github.com/repos/IcecaveStudios/archer/zipball/0.2.1",
                "reference": "0.2.1",
                "shasum": ""
            },
            "require": {
                "phake/phake": ">=1.0,<2.0",
                "php": ">=5.3",
                "symfony/console": ">=2.0,<3.0",
                "symfony/process": ">=2.0,<3.0"
            },
            "suggest": {
                "ext-openssl": "OpenSSL is required to encrypt GitHub OAuth tokens for artifact publication."
            },
            "bin": [
                "bin/archer",
                "bin/woodhouse"
            ],
            "type": "library",
            "autoload": {
                "psr-0": {
                    "Icecave\\Archer": "lib"
                }
            },
            "notification-url": "https://packagist.org/downloads/",
            "license": [
                "MIT"
            ],
            "authors": [
                {
                    "name": "Erin Millard",
                    "email": "ezzatron@gmail.com",
                    "homepage": "http://ezzatron.com/"
                },
                {
                    "name": "James Harris",
                    "email": "james.harris@icecave.com.au"
                }
            ],
            "description": "PHP testing and continuous integration by convention.",
            "homepage": "https://github.com/IcecaveStudios/archer",
            "keywords": [
                "artifacts",
                "coverage",
                "phake",
                "phpunit",
                "test",
                "testing",
                "unit"
            ],
            "time": "2013-02-27 04:42:20"
        },
        {
            "name": "jamesmoss/toml",
            "version": "0.1.0",
            "source": {
                "type": "git",
                "url": "https://github.com/jamesmoss/toml.git",
                "reference": "0.1.0"
            },
            "dist": {
                "type": "zip",
                "url": "https://api.github.com/repos/jamesmoss/toml/zipball/0.1.0",
                "reference": "0.1.0",
                "shasum": ""
            },
            "require": {
                "php": ">=5.3.0"
            },
            "type": "library",
            "autoload": {
                "psr-0": {
                    "Toml": "src"
                }
            },
            "notification-url": "https://packagist.org/downloads/",
            "license": [
                "MIT"
            ],
            "authors": [
                {
                    "name": "James Moss",
                    "email": "email@jamesmoss.co.uk",
                    "homepage": "http://jamesmoss.co.uk"
                }
            ],
            "description": "A parser for TOML implemented in PHP.",
            "homepage": "http://github.com/jamesmoss/toml",
            "keywords": [
                "github",
                "mojombo",
                "toml"
            ],
            "time": "2013-02-27 20:29:30"
        },
        {
            "name": "phake/phake",
            "version": "v1.0.3",
            "source": {
                "type": "git",
                "url": "git://github.com/mlively/Phake.git",
                "reference": "v1.0.3"
            },
            "dist": {
                "type": "zip",
                "url": "https://github.com/mlively/Phake/zipball/v1.0.3",
                "reference": "v1.0.3",
                "shasum": ""
            },
            "require": {
                "php": ">=5.2.0"
            },
            "type": "library",
            "autoload": {
                "classmap": [
                    "src"
                ]
            },
            "notification-url": "https://packagist.org/downloads/",
            "include-path": [
                "src"
            ],
            "license": [
                "BSD"
            ],
            "authors": [
                {
                    "name": "Mike Lively",
                    "email": "m@digitalsandwich.com"
                }
            ],
            "description": "The Phake mock testing library",
            "homepage": "https://github.com/mlively/Phake",
            "keywords": [
                "mock",
                "testing"
            ],
            "time": "2012-05-14 08:06:51"
        },
        {
            "name": "symfony/console",
            "version": "v2.2.0",
            "target-dir": "Symfony/Component/Console",
            "source": {
                "type": "git",
                "url": "https://github.com/symfony/Console.git",
                "reference": "v2.2.0"
            },
            "dist": {
                "type": "zip",
                "url": "https://api.github.com/repos/symfony/Console/zipball/v2.2.0",
                "reference": "v2.2.0",
                "shasum": ""
            },
            "require": {
                "php": ">=5.3.3"
            },
            "type": "library",
            "extra": {
                "branch-alias": {
                    "dev-master": "2.2-dev"
                }
            },
            "autoload": {
                "psr-0": {
                    "Symfony\\Component\\Console\\": ""
                }
            },
            "notification-url": "https://packagist.org/downloads/",
            "license": [
                "MIT"
            ],
            "authors": [
                {
                    "name": "Fabien Potencier",
                    "email": "fabien@symfony.com"
                },
                {
                    "name": "Symfony Community",
                    "homepage": "http://symfony.com/contributors"
                }
            ],
            "description": "Symfony Console Component",
            "homepage": "http://symfony.com",
            "time": "2013-03-01 06:43:14"
        },
        {
            "name": "symfony/process",
            "version": "v2.2.0",
            "target-dir": "Symfony/Component/Process",
            "source": {
                "type": "git",
                "url": "https://github.com/symfony/Process.git",
                "reference": "v2.2.0-RC3"
            },
            "dist": {
                "type": "zip",
                "url": "https://api.github.com/repos/symfony/Process/zipball/v2.2.0-RC3",
                "reference": "v2.2.0-RC3",
                "shasum": ""
            },
            "require": {
                "php": ">=5.3.3"
            },
            "type": "library",
            "extra": {
                "branch-alias": {
                    "dev-master": "2.2-dev"
                }
            },
            "autoload": {
                "psr-0": {
                    "Symfony\\Component\\Process\\": ""
                }
            },
            "notification-url": "https://packagist.org/downloads/",
            "license": [
                "MIT"
            ],
            "authors": [
                {
                    "name": "Fabien Potencier",
                    "email": "fabien@symfony.com"
                },
                {
                    "name": "Symfony Community",
                    "homepage": "http://symfony.com/contributors"
                }
            ],
            "description": "Symfony Process Component",
            "homepage": "http://symfony.com",
            "time": "2013-02-18 21:28:10"
        },
        {
            "name": "symfony/yaml",
            "version": "v2.2.0",
            "target-dir": "Symfony/Component/Yaml",
            "source": {
                "type": "git",
                "url": "https://github.com/symfony/Yaml.git",
                "reference": "v2.2.0-RC3"
            },
            "dist": {
                "type": "zip",
                "url": "https://api.github.com/repos/symfony/Yaml/zipball/v2.2.0-RC3",
                "reference": "v2.2.0-RC3",
                "shasum": ""
            },
            "require": {
                "php": ">=5.3.3"
            },
            "type": "library",
            "extra": {
                "branch-alias": {
                    "dev-master": "2.2-dev"
                }
            },
            "autoload": {
                "psr-0": {
                    "Symfony\\Component\\Yaml\\": ""
                }
            },
            "notification-url": "https://packagist.org/downloads/",
            "license": [
                "MIT"
            ],
            "authors": [
                {
                    "name": "Fabien Potencier",
                    "email": "fabien@symfony.com"
                },
                {
                    "name": "Symfony Community",
                    "homepage": "http://symfony.com/contributors"
                }
            ],
            "description": "Symfony Yaml Component",
            "homepage": "http://symfony.com",
            "time": "2013-01-27 16:49:19"
        }
    ],
    "aliases": [

    ],
    "minimum-stability": "stable",
    "stability-flags": [

    ]
}
